
Microsoft Visual Studio Solution File, Format Version 12.00
# Visual Studio 15
VisualStudioVersion = 15.0.27703.2047
MinimumVisualStudioVersion = 10.0.40219.1
Project("{FAE04EC0-301F-11D3-BF4B-00C04F79EFBC}") = "Test", "Test\Test.csproj", "{FAA10BDE-9624-453C-81D0-A31A9E5EE8C3}"
EndProject
Global
	GlobalSection(SolutionConfigurationPlatforms) = preSolution
		Debug|Any CPU = Debug|Any CPU
		Release|Any CPU = Release|Any CPU
	EndGlobalSection
	GlobalSection(ProjectConfigurationPlatforms) = postSolution
		{FAA10BDE-9624-453C-81D0-A31A9E5EE8C3}.Debug|Any CPU.ActiveCfg = Debug|Any CPU
		{FAA10BDE-9624-453C-81D0-A31A9E5EE8C3}.Debug|Any CPU.Build.0 = Debug|Any CPU
		{FAA10BDE-9624-453C-81D0-A31A9E5EE8C3}.Release|Any CPU.ActiveCfg = Release|Any CPU
		{FAA10BDE-9624-453C-81D0-A31A9E5EE8C3}.Release|Any CPU.Build.0 = Release|Any CPU
	EndGlobalSection
	GlobalSection(SolutionProperties) = preSolution
		HideSolutionNode = FALSE
	EndGlobalSection
	GlobalSection(ExtensibilityGlobals) = postSolution
		SolutionGuid = {3F2DB0ED-822D-4D6C-BF26-AC328B6C199F}
	EndGlobalSection
EndGlobal
